
Microsoft Visual Studio Solution File, Format Version 12.00
# Visual Studio Version 17
VisualStudioVersion = 17.0.31423.177
MinimumVisualStudioVersion = 10.0.40219.1
Project("{FAE04EC0-301F-11D3-BF4B-00C04F79EFBC}") = "WebApplication1", "WebApplication1\WebApplication1.csproj", "{92EB3BD2-DE56-4C4B-9838-0DC5CA2FAF95}"
EndProject
Global
	GlobalSection(SolutionConfigurationPlatforms) = preSolution
		Debug|Any CPU = Debug|Any CPU
		Release|Any CPU = Release|Any CPU
	EndGlobalSection
	GlobalSection(ProjectConfigurationPlatforms) = postSolution
		{92EB3BD2-DE56-4C4B-9838-0DC5CA2FAF95}.Debug|Any CPU.ActiveCfg = Debug|Any CPU
		{92EB3BD2-DE56-4C4B-9838-0DC5CA2FAF95}.Debug|Any CPU.Build.0 = Debug|Any CPU
		{92EB3BD2-DE56-4C4B-9838-0DC5CA2FAF95}.Release|Any CPU.ActiveCfg = Release|Any CPU
		{92EB3BD2-DE56-4C4B-9838-0DC5CA2FAF95}.Release|Any CPU.Build.0 = Release|Any CPU
	EndGlobalSection
	GlobalSection(SolutionProperties) = preSolution
		HideSolutionNode = FALSE
	EndGlobalSection
	GlobalSection(ExtensibilityGlobals) = postSolution
		SolutionGuid = {8F7D7D4A-BB2C-42B0-BA91-20AAF3B35782}
	EndGlobalSection
EndGlobal
