
Microsoft Visual Studio Solution File, Format Version 12.00
# Visual Studio Version 16
VisualStudioVersion = 16.0.31424.327
MinimumVisualStudioVersion = 10.0.40219.1
Project("{9A19103F-16F7-4668-BE54-9A1E7A4F7556}") = "MVC Project Demo", "Database Connection Demo\MVC Project Demo.csproj", "{3791FAC0-454D-471F-BEA8-8F36E78D19DA}"
EndProject
Project("{FAE04EC0-301F-11D3-BF4B-00C04F79EFBC}") = "Demo Unit Tests", "Unit Tests\Demo Unit Tests.csproj", "{AEC2A996-9A32-4DBA-9968-63DA0C5C64F5}"
EndProject
Global
	GlobalSection(SolutionConfigurationPlatforms) = preSolution
		Debug|Any CPU = Debug|Any CPU
		Release|Any CPU = Release|Any CPU
	EndGlobalSection
	GlobalSection(ProjectConfigurationPlatforms) = postSolution
		{3791FAC0-454D-471F-BEA8-8F36E78D19DA}.Debug|Any CPU.ActiveCfg = Debug|Any CPU
		{3791FAC0-454D-471F-BEA8-8F36E78D19DA}.Debug|Any CPU.Build.0 = Debug|Any CPU
		{3791FAC0-454D-471F-BEA8-8F36E78D19DA}.Release|Any CPU.ActiveCfg = Release|Any CPU
		{3791FAC0-454D-471F-BEA8-8F36E78D19DA}.Release|Any CPU.Build.0 = Release|Any CPU
		{AEC2A996-9A32-4DBA-9968-63DA0C5C64F5}.Debug|Any CPU.ActiveCfg = Debug|Any CPU
		{AEC2A996-9A32-4DBA-9968-63DA0C5C64F5}.Debug|Any CPU.Build.0 = Debug|Any CPU
		{AEC2A996-9A32-4DBA-9968-63DA0C5C64F5}.Release|Any CPU.ActiveCfg = Release|Any CPU
		{AEC2A996-9A32-4DBA-9968-63DA0C5C64F5}.Release|Any CPU.Build.0 = Release|Any CPU
	EndGlobalSection
	GlobalSection(SolutionProperties) = preSolution
		HideSolutionNode = FALSE
	EndGlobalSection
	GlobalSection(ExtensibilityGlobals) = postSolution
		SolutionGuid = {159138E6-5A06-4D26-A679-5518DE378BF2}
	EndGlobalSection
EndGlobal
